
Microsoft Visual Studio Solution File, Format Version 12.00
# Visual Studio Version 16
VisualStudioVersion = 16.0.31410.357
MinimumVisualStudioVersion = 10.0.40219.1
Project("{FAE04EC0-301F-11D3-BF4B-00C04F79EFBC}") = "Charitas", "Charitas\Charitas.csproj", "{FCBF8E25-F285-4BAB-B3D0-496EB2FBAD48}"
EndProject
Project("{FAE04EC0-301F-11D3-BF4B-00C04F79EFBC}") = "Charitas.Tests", "Charitas.Tests\Charitas.Tests.csproj", "{C931AC4F-810E-4E46-A225-2D43B8B6A301}"
EndProject
Project("{FAE04EC0-301F-11D3-BF4B-00C04F79EFBC}") = "Chairtas.Processes", "Chairtas.Processes\Chairtas.Processes.csproj", "{91CE2A0F-0D90-42FE-A30F-EA19D51D41F5}"
EndProject
Global
	GlobalSection(SolutionConfigurationPlatforms) = preSolution
		Debug|Any CPU = Debug|Any CPU
		Release|Any CPU = Release|Any CPU
	EndGlobalSection
	GlobalSection(ProjectConfigurationPlatforms) = postSolution
		{FCBF8E25-F285-4BAB-B3D0-496EB2FBAD48}.Debug|Any CPU.ActiveCfg = Debug|Any CPU
		{FCBF8E25-F285-4BAB-B3D0-496EB2FBAD48}.Debug|Any CPU.Build.0 = Debug|Any CPU
		{FCBF8E25-F285-4BAB-B3D0-496EB2FBAD48}.Release|Any CPU.ActiveCfg = Release|Any CPU
		{FCBF8E25-F285-4BAB-B3D0-496EB2FBAD48}.Release|Any CPU.Build.0 = Release|Any CPU
		{C931AC4F-810E-4E46-A225-2D43B8B6A301}.Debug|Any CPU.ActiveCfg = Debug|Any CPU
		{C931AC4F-810E-4E46-A225-2D43B8B6A301}.Debug|Any CPU.Build.0 = Debug|Any CPU
		{C931AC4F-810E-4E46-A225-2D43B8B6A301}.Release|Any CPU.ActiveCfg = Release|Any CPU
		{C931AC4F-810E-4E46-A225-2D43B8B6A301}.Release|Any CPU.Build.0 = Release|Any CPU
		{91CE2A0F-0D90-42FE-A30F-EA19D51D41F5}.Debug|Any CPU.ActiveCfg = Debug|Any CPU
		{91CE2A0F-0D90-42FE-A30F-EA19D51D41F5}.Debug|Any CPU.Build.0 = Debug|Any CPU
		{91CE2A0F-0D90-42FE-A30F-EA19D51D41F5}.Release|Any CPU.ActiveCfg = Release|Any CPU
		{91CE2A0F-0D90-42FE-A30F-EA19D51D41F5}.Release|Any CPU.Build.0 = Release|Any CPU
	EndGlobalSection
	GlobalSection(SolutionProperties) = preSolution
		HideSolutionNode = FALSE
	EndGlobalSection
	GlobalSection(ExtensibilityGlobals) = postSolution
		SolutionGuid = {A03C623C-8341-4C52-B69D-DF607FDE5931}
	EndGlobalSection
EndGlobal
